
Microsoft Visual Studio Solution File, Format Version 12.00
# Visual Studio 2013
VisualStudioVersion = 12.0.21005.1
MinimumVisualStudioVersion = 10.0.40219.1
Project("{FAE04EC0-301F-11D3-BF4B-00C04F79EFBC}") = "mChatIceApp", "mChatIceApp.csproj", "{D42354D8-1C4A-4E2F-94F0-B9D93F5CE4F1}"
EndProject
Global
	GlobalSection(SolutionConfigurationPlatforms) = preSolution
		Debug|Any CPU = Debug|Any CPU
		Release|Any CPU = Release|Any CPU
	EndGlobalSection
	GlobalSection(ProjectConfigurationPlatforms) = postSolution
		{D42354D8-1C4A-4E2F-94F0-B9D93F5CE4F1}.Debug|Any CPU.ActiveCfg = Debug|Any CPU
		{D42354D8-1C4A-4E2F-94F0-B9D93F5CE4F1}.Debug|Any CPU.Build.0 = Debug|Any CPU
		{D42354D8-1C4A-4E2F-94F0-B9D93F5CE4F1}.Release|Any CPU.ActiveCfg = Release|Any CPU
		{D42354D8-1C4A-4E2F-94F0-B9D93F5CE4F1}.Release|Any CPU.Build.0 = Release|Any CPU
	EndGlobalSection
	GlobalSection(SolutionProperties) = preSolution
		HideSolutionNode = FALSE
	EndGlobalSection
EndGlobal
